
Microsoft Visual Studio Solution File, Format Version 12.00
# Visual Studio 15
VisualStudioVersion = 15.0.27428.2043
MinimumVisualStudioVersion = 10.0.40219.1
Project("{FAE04EC0-301F-11D3-BF4B-00C04F79EFBC}") = "BPM.Common", "Common\BPM.Common.csproj", "{16183C27-23BE-4335-AE94-F12BB57421FF}"
EndProject
Project("{FAE04EC0-301F-11D3-BF4B-00C04F79EFBC}") = "BPM.Admin", "Common.BPM.Admin\BPM.Admin.csproj", "{0F2B5818-29E0-40B3-81D4-D835C24574D8}"
EndProject
Project("{FAE04EC0-301F-11D3-BF4B-00C04F79EFBC}") = "BPM.Core", "Common.BPM.Core\BPM.Core.csproj", "{A2EE0C6C-76C5-49C5-BCA6-0BC862ECA195}"
EndProject
Project("{FAE04EC0-301F-11D3-BF4B-00C04F79EFBC}") = "BPM.Sanitation", "BPM.Sanitation\BPM.Sanitation.csproj", "{30A2E13C-C984-4D93-AAE3-2916E8DEC635}"
EndProject
Project("{8BC9CEB8-8B4A-11D0-8D11-00A0C91BC942}") = "sprinkler", "sprinkler\sprinkler.vcxproj", "{3BD05E3E-8235-4791-8A73-587AC115068A}"
EndProject
Project("{FAE04EC0-301F-11D3-BF4B-00C04F79EFBC}") = "CardReaderWriter", "CardReaderWriter\CardReaderWriter.csproj", "{5D2D1FD6-4EA9-4718-A572-E6C47585BA44}"
EndProject
Project("{FAE04EC0-301F-11D3-BF4B-00C04F79EFBC}") = "校验码生成器", "校验码生成器\校验码生成器.csproj", "{C5739B39-CC2A-4730-9ACA-43B8EFCED6F0}"
EndProject
Project("{2150E333-8FDC-42A3-9474-1A3956D46DE8}") = "文档", "文档", "{400174EF-0CF7-42A2-A721-4C3C03D50BD7}"
	ProjectSection(SolutionItems) = preProject
		文档\[元元]实际成本费用表.xls = 文档\[元元]实际成本费用表.xls
		文档\Arduino与PLC通信的新协议.docx = 文档\Arduino与PLC通信的新协议.docx
		文档\logo.psd = 文档\logo.psd
		文档\README.txt = 文档\README.txt
		文档\使用说明.docx = 文档\使用说明.docx
		文档\电路板外壳-15.6.12.rar = 文档\电路板外壳-15.6.12.rar
		文档\绘图1.vsdx = 文档\绘图1.vsdx
		文档\串口屏幕\设置.docx = 文档\串口屏幕\设置.docx
		文档\通讯协议.docx = 文档\通讯协议.docx
		文档\需求分析.docx = 文档\需求分析.docx
		文档\项目指导书.docx = 文档\项目指导书.docx
	EndProjectSection
EndProject
Project("{FAE04EC0-301F-11D3-BF4B-00C04F79EFBC}") = "SanitationServer", "SanitationServer\SanitationServer.csproj", "{699E4AEB-69FF-485C-8C7D-4BFC9A1418E6}"
EndProject
Global
	GlobalSection(SolutionConfigurationPlatforms) = preSolution
		CD_ROM|Any CPU = CD_ROM|Any CPU
		CD_ROM|Mixed Platforms = CD_ROM|Mixed Platforms
		CD_ROM|Win32 = CD_ROM|Win32
		CD_ROM|x64 = CD_ROM|x64
		Debug|Any CPU = Debug|Any CPU
		Debug|Mixed Platforms = Debug|Mixed Platforms
		Debug|Win32 = Debug|Win32
		Debug|x64 = Debug|x64
		DVD-5|Any CPU = DVD-5|Any CPU
		DVD-5|Mixed Platforms = DVD-5|Mixed Platforms
		DVD-5|Win32 = DVD-5|Win32
		DVD-5|x64 = DVD-5|x64
		Release|Any CPU = Release|Any CPU
		Release|Mixed Platforms = Release|Mixed Platforms
		Release|Win32 = Release|Win32
		Release|x64 = Release|x64
		SingleImage|Any CPU = SingleImage|Any CPU
		SingleImage|Mixed Platforms = SingleImage|Mixed Platforms
		SingleImage|Win32 = SingleImage|Win32
		SingleImage|x64 = SingleImage|x64
	EndGlobalSection
	GlobalSection(ProjectConfigurationPlatforms) = postSolution
		{16183C27-23BE-4335-AE94-F12BB57421FF}.CD_ROM|Any CPU.ActiveCfg = Release|Any CPU
		{16183C27-23BE-4335-AE94-F12BB57421FF}.CD_ROM|Any CPU.Build.0 = Release|Any CPU
		{16183C27-23BE-4335-AE94-F12BB57421FF}.CD_ROM|Mixed Platforms.ActiveCfg = Release|Any CPU
		{16183C27-23BE-4335-AE94-F12BB57421FF}.CD_ROM|Mixed Platforms.Build.0 = Release|Any CPU
		{16183C27-23BE-4335-AE94-F12BB57421FF}.CD_ROM|Win32.ActiveCfg = Release|Any CPU
		{16183C27-23BE-4335-AE94-F12BB57421FF}.CD_ROM|Win32.Build.0 = Release|Any CPU
		{16183C27-23BE-4335-AE94-F12BB57421FF}.CD_ROM|x64.ActiveCfg = Debug|Any CPU
		{16183C27-23BE-4335-AE94-F12BB57421FF}.CD_ROM|x64.Build.0 = Debug|Any CPU
		{16183C27-23BE-4335-AE94-F12BB57421FF}.Debug|Any CPU.ActiveCfg = Debug|Any CPU
		{16183C27-23BE-4335-AE94-F12BB57421FF}.Debug|Any CPU.Build.0 = Debug|Any CPU
		{16183C27-23BE-4335-AE94-F12BB57421FF}.Debug|Mixed Platforms.ActiveCfg = Debug|Any CPU
		{16183C27-23BE-4335-AE94-F12BB57421FF}.Debug|Mixed Platforms.Build.0 = Debug|Any CPU
		{16183C27-23BE-4335-AE94-F12BB57421FF}.Debug|Win32.ActiveCfg = Debug|Any CPU
		{16183C27-23BE-4335-AE94-F12BB57421FF}.Debug|x64.ActiveCfg = Debug|Any CPU
		{16183C27-23BE-4335-AE94-F12BB57421FF}.Debug|x64.Build.0 = Debug|Any CPU
		{16183C27-23BE-4335-AE94-F12BB57421FF}.DVD-5|Any CPU.ActiveCfg = Debug|Any CPU
		{16183C27-23BE-4335-AE94-F12BB57421FF}.DVD-5|Any CPU.Build.0 = Debug|Any CPU
		{16183C27-23BE-4335-AE94-F12BB57421FF}.DVD-5|Mixed Platforms.ActiveCfg = Debug|Any CPU
		{16183C27-23BE-4335-AE94-F12BB57421FF}.DVD-5|Mixed Platforms.Build.0 = Debug|Any CPU
		{16183C27-23BE-4335-AE94-F12BB57421FF}.DVD-5|Win32.ActiveCfg = Debug|Any CPU
		{16183C27-23BE-4335-AE94-F12BB57421FF}.DVD-5|Win32.Build.0 = Debug|Any CPU
		{16183C27-23BE-4335-AE94-F12BB57421FF}.DVD-5|x64.ActiveCfg = Debug|Any CPU
		{16183C27-23BE-4335-AE94-F12BB57421FF}.DVD-5|x64.Build.0 = Debug|Any CPU
		{16183C27-23BE-4335-AE94-F12BB57421FF}.Release|Any CPU.ActiveCfg = Release|Any CPU
		{16183C27-23BE-4335-AE94-F12BB57421FF}.Release|Any CPU.Build.0 = Release|Any CPU
		{16183C27-23BE-4335-AE94-F12BB57421FF}.Release|Mixed Platforms.ActiveCfg = Release|Any CPU
		{16183C27-23BE-4335-AE94-F12BB57421FF}.Release|Mixed Platforms.Build.0 = Release|Any CPU
		{16183C27-23BE-4335-AE94-F12BB57421FF}.Release|Win32.ActiveCfg = Release|Any CPU
		{16183C27-23BE-4335-AE94-F12BB57421FF}.Release|x64.ActiveCfg = Release|Any CPU
		{16183C27-23BE-4335-AE94-F12BB57421FF}.Release|x64.Build.0 = Release|Any CPU
		{16183C27-23BE-4335-AE94-F12BB57421FF}.SingleImage|Any CPU.ActiveCfg = Release|Any CPU
		{16183C27-23BE-4335-AE94-F12BB57421FF}.SingleImage|Any CPU.Build.0 = Release|Any CPU
		{16183C27-23BE-4335-AE94-F12BB57421FF}.SingleImage|Mixed Platforms.ActiveCfg = Release|Any CPU
		{16183C27-23BE-4335-AE94-F12BB57421FF}.SingleImage|Mixed Platforms.Build.0 = Release|Any CPU
		{16183C27-23BE-4335-AE94-F12BB57421FF}.SingleImage|Win32.ActiveCfg = Release|Any CPU
		{16183C27-23BE-4335-AE94-F12BB57421FF}.SingleImage|Win32.Build.0 = Release|Any CPU
		{16183C27-23BE-4335-AE94-F12BB57421FF}.SingleImage|x64.ActiveCfg = Debug|Any CPU
		{16183C27-23BE-4335-AE94-F12BB57421FF}.SingleImage|x64.Build.0 = Debug|Any CPU
		{0F2B5818-29E0-40B3-81D4-D835C24574D8}.CD_ROM|Any CPU.ActiveCfg = Release|Any CPU
		{0F2B5818-29E0-40B3-81D4-D835C24574D8}.CD_ROM|Any CPU.Build.0 = Release|Any CPU
		{0F2B5818-29E0-40B3-81D4-D835C24574D8}.CD_ROM|Mixed Platforms.ActiveCfg = Release|Any CPU
		{0F2B5818-29E0-40B3-81D4-D835C24574D8}.CD_ROM|Mixed Platforms.Build.0 = Release|Any CPU
		{0F2B5818-29E0-40B3-81D4-D835C24574D8}.CD_ROM|Win32.ActiveCfg = Release|Any CPU
		{0F2B5818-29E0-40B3-81D4-D835C24574D8}.CD_ROM|Win32.Build.0 = Release|Any CPU
		{0F2B5818-29E0-40B3-81D4-D835C24574D8}.CD_ROM|x64.ActiveCfg = Debug|Any CPU
		{0F2B5818-29E0-40B3-81D4-D835C24574D8}.CD_ROM|x64.Build.0 = Debug|Any CPU
		{0F2B5818-29E0-40B3-81D4-D835C24574D8}.Debug|Any CPU.ActiveCfg = Debug|Any CPU
		{0F2B5818-29E0-40B3-81D4-D835C24574D8}.Debug|Any CPU.Build.0 = Debug|Any CPU
		{0F2B5818-29E0-40B3-81D4-D835C24574D8}.Debug|Mixed Platforms.ActiveCfg = Debug|Any CPU
		{0F2B5818-29E0-40B3-81D4-D835C24574D8}.Debug|Mixed Platforms.Build.0 = Debug|Any CPU
		{0F2B5818-29E0-40B3-81D4-D835C24574D8}.Debug|Win32.ActiveCfg = Debug|Any CPU
		{0F2B5818-29E0-40B3-81D4-D835C24574D8}.Debug|x64.ActiveCfg = Debug|Any CPU
		{0F2B5818-29E0-40B3-81D4-D835C24574D8}.Debug|x64.Build.0 = Debug|Any CPU
		{0F2B5818-29E0-40B3-81D4-D835C24574D8}.DVD-5|Any CPU.ActiveCfg = Debug|Any CPU
		{0F2B5818-29E0-40B3-81D4-D835C24574D8}.DVD-5|Any CPU.Build.0 = Debug|Any CPU
		{0F2B5818-29E0-40B3-81D4-D835C24574D8}.DVD-5|Mixed Platforms.ActiveCfg = Debug|Any CPU
		{0F2B5818-29E0-40B3-81D4-D835C24574D8}.DVD-5|Mixed Platforms.Build.0 = Debug|Any CPU
		{0F2B5818-29E0-40B3-81D4-D835C24574D8}.DVD-5|Win32.ActiveCfg = Debug|Any CPU
		{0F2B5818-29E0-40B3-81D4-D835C24574D8}.DVD-5|Win32.Build.0 = Debug|Any CPU
		{0F2B5818-29E0-40B3-81D4-D835C24574D8}.DVD-5|x64.ActiveCfg = Debug|Any CPU
		{0F2B5818-29E0-40B3-81D4-D835C24574D8}.DVD-5|x64.Build.0 = Debug|Any CPU
		{0F2B5818-29E0-40B3-81D4-D835C24574D8}.Release|Any CPU.ActiveCfg = Release|Any CPU
		{0F2B5818-29E0-40B3-81D4-D835C24574D8}.Release|Any CPU.Build.0 = Release|Any CPU
		{0F2B5818-29E0-40B3-81D4-D835C24574D8}.Release|Mixed Platforms.ActiveCfg = Release|Any CPU
		{0F2B5818-29E0-40B3-81D4-D835C24574D8}.Release|Mixed Platforms.Build.0 = Release|Any CPU
		{0F2B5818-29E0-40B3-81D4-D835C24574D8}.Release|Win32.ActiveCfg = Release|Any CPU
		{0F2B5818-29E0-40B3-81D4-D835C24574D8}.Release|x64.ActiveCfg = Release|Any CPU
		{0F2B5818-29E0-40B3-81D4-D835C24574D8}.Release|x64.Build.0 = Release|Any CPU
		{0F2B5818-29E0-40B3-81D4-D835C24574D8}.SingleImage|Any CPU.ActiveCfg = Release|Any CPU
		{0F2B5818-29E0-40B3-81D4-D835C24574D8}.SingleImage|Any CPU.Build.0 = Release|Any CPU
		{0F2B5818-29E0-40B3-81D4-D835C24574D8}.SingleImage|Mixed Platforms.ActiveCfg = Release|Any CPU
		{0F2B5818-29E0-40B3-81D4-D835C24574D8}.SingleImage|Mixed Platforms.Build.0 = Release|Any CPU
		{0F2B5818-29E0-40B3-81D4-D835C24574D8}.SingleImage|Win32.ActiveCfg = Release|Any CPU
		{0F2B5818-29E0-40B3-81D4-D835C24574D8}.SingleImage|Win32.Build.0 = Release|Any CPU
		{0F2B5818-29E0-40B3-81D4-D835C24574D8}.SingleImage|x64.ActiveCfg = Debug|Any CPU
		{0F2B5818-29E0-40B3-81D4-D835C24574D8}.SingleImage|x64.Build.0 = Debug|Any CPU
		{A2EE0C6C-76C5-49C5-BCA6-0BC862ECA195}.CD_ROM|Any CPU.ActiveCfg = Release|Any CPU
		{A2EE0C6C-76C5-49C5-BCA6-0BC862ECA195}.CD_ROM|Any CPU.Build.0 = Release|Any CPU
		{A2EE0C6C-76C5-49C5-BCA6-0BC862ECA195}.CD_ROM|Mixed Platforms.ActiveCfg = Release|Any CPU
		{A2EE0C6C-76C5-49C5-BCA6-0BC862ECA195}.CD_ROM|Mixed Platforms.Build.0 = Release|Any CPU
		{A2EE0C6C-76C5-49C5-BCA6-0BC862ECA195}.CD_ROM|Win32.ActiveCfg = Release|Any CPU
		{A2EE0C6C-76C5-49C5-BCA6-0BC862ECA195}.CD_ROM|Win32.Build.0 = Release|Any CPU
		{A2EE0C6C-76C5-49C5-BCA6-0BC862ECA195}.CD_ROM|x64.ActiveCfg = Debug|Any CPU
		{A2EE0C6C-76C5-49C5-BCA6-0BC862ECA195}.CD_ROM|x64.Build.0 = Debug|Any CPU
		{A2EE0C6C-76C5-49C5-BCA6-0BC862ECA195}.Debug|Any CPU.ActiveCfg = Debug|Any CPU
		{A2EE0C6C-76C5-49C5-BCA6-0BC862ECA195}.Debug|Any CPU.Build.0 = Debug|Any CPU
		{A2EE0C6C-76C5-49C5-BCA6-0BC862ECA195}.Debug|Mixed Platforms.ActiveCfg = Debug|Any CPU
		{A2EE0C6C-76C5-49C5-BCA6-0BC862ECA195}.Debug|Mixed Platforms.Build.0 = Debug|Any CPU
		{A2EE0C6C-76C5-49C5-BCA6-0BC862ECA195}.Debug|Win32.ActiveCfg = Debug|Any CPU
		{A2EE0C6C-76C5-49C5-BCA6-0BC862ECA195}.Debug|x64.ActiveCfg = Debug|Any CPU
		{A2EE0C6C-76C5-49C5-BCA6-0BC862ECA195}.Debug|x64.Build.0 = Debug|Any CPU
		{A2EE0C6C-76C5-49C5-BCA6-0BC862ECA195}.DVD-5|Any CPU.ActiveCfg = Debug|Any CPU
		{A2EE0C6C-76C5-49C5-BCA6-0BC862ECA195}.DVD-5|Any CPU.Build.0 = Debug|Any CPU
		{A2EE0C6C-76C5-49C5-BCA6-0BC862ECA195}.DVD-5|Mixed Platforms.ActiveCfg = Debug|Any CPU
		{A2EE0C6C-76C5-49C5-BCA6-0BC862ECA195}.DVD-5|Mixed Platforms.Build.0 = Debug|Any CPU
		{A2EE0C6C-76C5-49C5-BCA6-0BC862ECA195}.DVD-5|Win32.ActiveCfg = Debug|Any CPU
		{A2EE0C6C-76C5-49C5-BCA6-0BC862ECA195}.DVD-5|Win32.Build.0 = Debug|Any CPU
		{A2EE0C6C-76C5-49C5-BCA6-0BC862ECA195}.DVD-5|x64.ActiveCfg = Debug|Any CPU
		{A2EE0C6C-76C5-49C5-BCA6-0BC862ECA195}.DVD-5|x64.Build.0 = Debug|Any CPU
		{A2EE0C6C-76C5-49C5-BCA6-0BC862ECA195}.Release|Any CPU.ActiveCfg = Release|Any CPU
		{A2EE0C6C-76C5-49C5-BCA6-0BC862ECA195}.Release|Any CPU.Build.0 = Release|Any CPU
		{A2EE0C6C-76C5-49C5-BCA6-0BC862ECA195}.Release|Mixed Platforms.ActiveCfg = Release|Any CPU
		{A2EE0C6C-76C5-49C5-BCA6-0BC862ECA195}.Release|Mixed Platforms.Build.0 = Release|Any CPU
		{A2EE0C6C-76C5-49C5-BCA6-0BC862ECA195}.Release|Win32.ActiveCfg = Release|Any CPU
		{A2EE0C6C-76C5-49C5-BCA6-0BC862ECA195}.Release|x64.ActiveCfg = Release|Any CPU
		{A2EE0C6C-76C5-49C5-BCA6-0BC862ECA195}.Release|x64.Build.0 = Release|Any CPU
		{A2EE0C6C-76C5-49C5-BCA6-0BC862ECA195}.SingleImage|Any CPU.ActiveCfg = Release|Any CPU
		{A2EE0C6C-76C5-49C5-BCA6-0BC862ECA195}.SingleImage|Any CPU.Build.0 = Release|Any CPU
		{A2EE0C6C-76C5-49C5-BCA6-0BC862ECA195}.SingleImage|Mixed Platforms.ActiveCfg = Release|Any CPU
		{A2EE0C6C-76C5-49C5-BCA6-0BC862ECA195}.SingleImage|Mixed Platforms.Build.0 = Release|Any CPU
		{A2EE0C6C-76C5-49C5-BCA6-0BC862ECA195}.SingleImage|Win32.ActiveCfg = Release|Any CPU
		{A2EE0C6C-76C5-49C5-BCA6-0BC862ECA195}.SingleImage|Win32.Build.0 = Release|Any CPU
		{A2EE0C6C-76C5-49C5-BCA6-0BC862ECA195}.SingleImage|x64.ActiveCfg = Debug|Any CPU
		{A2EE0C6C-76C5-49C5-BCA6-0BC862ECA195}.SingleImage|x64.Build.0 = Debug|Any CPU
		{30A2E13C-C984-4D93-AAE3-2916E8DEC635}.CD_ROM|Any CPU.ActiveCfg = Release|Any CPU
		{30A2E13C-C984-4D93-AAE3-2916E8DEC635}.CD_ROM|Any CPU.Build.0 = Release|Any CPU
		{30A2E13C-C984-4D93-AAE3-2916E8DEC635}.CD_ROM|Mixed Platforms.ActiveCfg = Release|Any CPU
		{30A2E13C-C984-4D93-AAE3-2916E8DEC635}.CD_ROM|Mixed Platforms.Build.0 = Release|Any CPU
		{30A2E13C-C984-4D93-AAE3-2916E8DEC635}.CD_ROM|Win32.ActiveCfg = Release|Any CPU
		{30A2E13C-C984-4D93-AAE3-2916E8DEC635}.CD_ROM|Win32.Build.0 = Release|Any CPU
		{30A2E13C-C984-4D93-AAE3-2916E8DEC635}.CD_ROM|x64.ActiveCfg = Debug|Any CPU
		{30A2E13C-C984-4D93-AAE3-2916E8DEC635}.CD_ROM|x64.Build.0 = Debug|Any CPU
		{30A2E13C-C984-4D93-AAE3-2916E8DEC635}.Debug|Any CPU.ActiveCfg = Debug|Any CPU
		{30A2E13C-C984-4D93-AAE3-2916E8DEC635}.Debug|Any CPU.Build.0 = Debug|Any CPU
		{30A2E13C-C984-4D93-AAE3-2916E8DEC635}.Debug|Mixed Platforms.ActiveCfg = Debug|Any CPU
		{30A2E13C-C984-4D93-AAE3-2916E8DEC635}.Debug|Mixed Platforms.Build.0 = Debug|Any CPU
		{30A2E13C-C984-4D93-AAE3-2916E8DEC635}.Debug|Win32.ActiveCfg = Debug|Any CPU
		{30A2E13C-C984-4D93-AAE3-2916E8DEC635}.Debug|x64.ActiveCfg = Debug|Any CPU
		{30A2E13C-C984-4D93-AAE3-2916E8DEC635}.Debug|x64.Build.0 = Debug|Any CPU
		{30A2E13C-C984-4D93-AAE3-2916E8DEC635}.DVD-5|Any CPU.ActiveCfg = Debug|Any CPU
		{30A2E13C-C984-4D93-AAE3-2916E8DEC635}.DVD-5|Any CPU.Build.0 = Debug|Any CPU
		{30A2E13C-C984-4D93-AAE3-2916E8DEC635}.DVD-5|Mixed Platforms.ActiveCfg = Debug|Any CPU
		{30A2E13C-C984-4D93-AAE3-2916E8DEC635}.DVD-5|Mixed Platforms.Build.0 = Debug|Any CPU
		{30A2E13C-C984-4D93-AAE3-2916E8DEC635}.DVD-5|Win32.ActiveCfg = Debug|Any CPU
		{30A2E13C-C984-4D93-AAE3-2916E8DEC635}.DVD-5|Win32.Build.0 = Debug|Any CPU
		{30A2E13C-C984-4D93-AAE3-2916E8DEC635}.DVD-5|x64.ActiveCfg = Debug|Any CPU
		{30A2E13C-C984-4D93-AAE3-2916E8DEC635}.DVD-5|x64.Build.0 = Debug|Any CPU
		{30A2E13C-C984-4D93-AAE3-2916E8DEC635}.Release|Any CPU.ActiveCfg = Release|Any CPU
		{30A2E13C-C984-4D93-AAE3-2916E8DEC635}.Release|Any CPU.Build.0 = Release|Any CPU
		{30A2E13C-C984-4D93-AAE3-2916E8DEC635}.Release|Mixed Platforms.ActiveCfg = Release|Any CPU
		{30A2E13C-C984-4D93-AAE3-2916E8DEC635}.Release|Mixed Platforms.Build.0 = Release|Any CPU
		{30A2E13C-C984-4D93-AAE3-2916E8DEC635}.Release|Win32.ActiveCfg = Release|Any CPU
		{30A2E13C-C984-4D93-AAE3-2916E8DEC635}.Release|x64.ActiveCfg = Release|Any CPU
		{30A2E13C-C984-4D93-AAE3-2916E8DEC635}.Release|x64.Build.0 = Release|Any CPU
		{30A2E13C-C984-4D93-AAE3-2916E8DEC635}.SingleImage|Any CPU.ActiveCfg = Release|Any CPU
		{30A2E13C-C984-4D93-AAE3-2916E8DEC635}.SingleImage|Any CPU.Build.0 = Release|Any CPU
		{30A2E13C-C984-4D93-AAE3-2916E8DEC635}.SingleImage|Mixed Platforms.ActiveCfg = Release|Any CPU
		{30A2E13C-C984-4D93-AAE3-2916E8DEC635}.SingleImage|Mixed Platforms.Build.0 = Release|Any CPU
		{30A2E13C-C984-4D93-AAE3-2916E8DEC635}.SingleImage|Win32.ActiveCfg = Release|Any CPU
		{30A2E13C-C984-4D93-AAE3-2916E8DEC635}.SingleImage|Win32.Build.0 = Release|Any CPU
		{30A2E13C-C984-4D93-AAE3-2916E8DEC635}.SingleImage|x64.ActiveCfg = Debug|Any CPU
		{30A2E13C-C984-4D93-AAE3-2916E8DEC635}.SingleImage|x64.Build.0 = Debug|Any CPU
		{3BD05E3E-8235-4791-8A73-587AC115068A}.CD_ROM|Any CPU.ActiveCfg = Release|Win32
		{3BD05E3E-8235-4791-8A73-587AC115068A}.CD_ROM|Any CPU.Build.0 = Release|Win32
		{3BD05E3E-8235-4791-8A73-587AC115068A}.CD_ROM|Mixed Platforms.ActiveCfg = Release|Win32
		{3BD05E3E-8235-4791-8A73-587AC115068A}.CD_ROM|Mixed Platforms.Build.0 = Release|Win32
		{3BD05E3E-8235-4791-8A73-587AC115068A}.CD_ROM|Win32.ActiveCfg = Release|Win32
		{3BD05E3E-8235-4791-8A73-587AC115068A}.CD_ROM|Win32.Build.0 = Release|Win32
		{3BD05E3E-8235-4791-8A73-587AC115068A}.CD_ROM|x64.ActiveCfg = Debug|Win32
		{3BD05E3E-8235-4791-8A73-587AC115068A}.CD_ROM|x64.Build.0 = Debug|Win32
		{3BD05E3E-8235-4791-8A73-587AC115068A}.Debug|Any CPU.ActiveCfg = Debug|Win32
		{3BD05E3E-8235-4791-8A73-587AC115068A}.Debug|Mixed Platforms.ActiveCfg = Debug|Win32
		{3BD05E3E-8235-4791-8A73-587AC115068A}.Debug|Mixed Platforms.Build.0 = Debug|Win32
		{3BD05E3E-8235-4791-8A73-587AC115068A}.Debug|Win32.ActiveCfg = Debug|Win32
		{3BD05E3E-8235-4791-8A73-587AC115068A}.Debug|Win32.Build.0 = Debug|Win32
		{3BD05E3E-8235-4791-8A73-587AC115068A}.Debug|x64.ActiveCfg = Debug|Win32
		{3BD05E3E-8235-4791-8A73-587AC115068A}.DVD-5|Any CPU.ActiveCfg = Release|Win32
		{3BD05E3E-8235-4791-8A73-587AC115068A}.DVD-5|Any CPU.Build.0 = Release|Win32
		{3BD05E3E-8235-4791-8A73-587AC115068A}.DVD-5|Mixed Platforms.ActiveCfg = Debug|Win32
		{3BD05E3E-8235-4791-8A73-587AC115068A}.DVD-5|Mixed Platforms.Build.0 = Debug|Win32
		{3BD05E3E-8235-4791-8A73-587AC115068A}.DVD-5|Win32.ActiveCfg = Debug|Win32
		{3BD05E3E-8235-4791-8A73-587AC115068A}.DVD-5|Win32.Build.0 = Debug|Win32
		{3BD05E3E-8235-4791-8A73-587AC115068A}.DVD-5|x64.ActiveCfg = Debug|Win32
		{3BD05E3E-8235-4791-8A73-587AC115068A}.DVD-5|x64.Build.0 = Debug|Win32
		{3BD05E3E-8235-4791-8A73-587AC115068A}.Release|Any CPU.ActiveCfg = Release|Win32
		{3BD05E3E-8235-4791-8A73-587AC115068A}.Release|Mixed Platforms.ActiveCfg = Release|Win32
		{3BD05E3E-8235-4791-8A73-587AC115068A}.Release|Mixed Platforms.Build.0 = Release|Win32
		{3BD05E3E-8235-4791-8A73-587AC115068A}.Release|Win32.ActiveCfg = Release|Win32
		{3BD05E3E-8235-4791-8A73-587AC115068A}.Release|Win32.Build.0 = Release|Win32
		{3BD05E3E-8235-4791-8A73-587AC115068A}.Release|x64.ActiveCfg = Release|Win32
		{3BD05E3E-8235-4791-8A73-587AC115068A}.SingleImage|Any CPU.ActiveCfg = Release|Win32
		{3BD05E3E-8235-4791-8A73-587AC115068A}.SingleImage|Any CPU.Build.0 = Release|Win32
		{3BD05E3E-8235-4791-8A73-587AC115068A}.SingleImage|Mixed Platforms.ActiveCfg = Release|Win32
		{3BD05E3E-8235-4791-8A73-587AC115068A}.SingleImage|Mixed Platforms.Build.0 = Release|Win32
		{3BD05E3E-8235-4791-8A73-587AC115068A}.SingleImage|Win32.ActiveCfg = Release|Win32
		{3BD05E3E-8235-4791-8A73-587AC115068A}.SingleImage|Win32.Build.0 = Release|Win32
		{3BD05E3E-8235-4791-8A73-587AC115068A}.SingleImage|x64.ActiveCfg = Debug|Win32
		{3BD05E3E-8235-4791-8A73-587AC115068A}.SingleImage|x64.Build.0 = Debug|Win32
		{5D2D1FD6-4EA9-4718-A572-E6C47585BA44}.CD_ROM|Any CPU.ActiveCfg = Release|Any CPU
		{5D2D1FD6-4EA9-4718-A572-E6C47585BA44}.CD_ROM|Any CPU.Build.0 = Release|Any CPU
		{5D2D1FD6-4EA9-4718-A572-E6C47585BA44}.CD_ROM|Mixed Platforms.ActiveCfg = Release|Any CPU
		{5D2D1FD6-4EA9-4718-A572-E6C47585BA44}.CD_ROM|Mixed Platforms.Build.0 = Release|Any CPU
		{5D2D1FD6-4EA9-4718-A572-E6C47585BA44}.CD_ROM|Win32.ActiveCfg = Release|Any CPU
		{5D2D1FD6-4EA9-4718-A572-E6C47585BA44}.CD_ROM|Win32.Build.0 = Release|Any CPU
		{5D2D1FD6-4EA9-4718-A572-E6C47585BA44}.CD_ROM|x64.ActiveCfg = Debug|Any CPU
		{5D2D1FD6-4EA9-4718-A572-E6C47585BA44}.CD_ROM|x64.Build.0 = Debug|Any CPU
		{5D2D1FD6-4EA9-4718-A572-E6C47585BA44}.Debug|Any CPU.ActiveCfg = Debug|Any CPU
		{5D2D1FD6-4EA9-4718-A572-E6C47585BA44}.Debug|Any CPU.Build.0 = Debug|Any CPU
		{5D2D1FD6-4EA9-4718-A572-E6C47585BA44}.Debug|Mixed Platforms.ActiveCfg = Debug|Any CPU
		{5D2D1FD6-4EA9-4718-A572-E6C47585BA44}.Debug|Mixed Platforms.Build.0 = Debug|Any CPU
		{5D2D1FD6-4EA9-4718-A572-E6C47585BA44}.Debug|Win32.ActiveCfg = Debug|Any CPU
		{5D2D1FD6-4EA9-4718-A572-E6C47585BA44}.Debug|x64.ActiveCfg = Debug|Any CPU
		{5D2D1FD6-4EA9-4718-A572-E6C47585BA44}.Debug|x64.Build.0 = Debug|Any CPU
		{5D2D1FD6-4EA9-4718-A572-E6C47585BA44}.DVD-5|Any CPU.ActiveCfg = Debug|Any CPU
		{5D2D1FD6-4EA9-4718-A572-E6C47585BA44}.DVD-5|Any CPU.Build.0 = Debug|Any CPU
		{5D2D1FD6-4EA9-4718-A572-E6C47585BA44}.DVD-5|Mixed Platforms.ActiveCfg = Debug|Any CPU
		{5D2D1FD6-4EA9-4718-A572-E6C47585BA44}.DVD-5|Mixed Platforms.Build.0 = Debug|Any CPU
		{5D2D1FD6-4EA9-4718-A572-E6C47585BA44}.DVD-5|Win32.ActiveCfg = Debug|Any CPU
		{5D2D1FD6-4EA9-4718-A572-E6C47585BA44}.DVD-5|Win32.Build.0 = Debug|Any CPU
		{5D2D1FD6-4EA9-4718-A572-E6C47585BA44}.DVD-5|x64.ActiveCfg = Debug|Any CPU
		{5D2D1FD6-4EA9-4718-A572-E6C47585BA44}.DVD-5|x64.Build.0 = Debug|Any CPU
		{5D2D1FD6-4EA9-4718-A572-E6C47585BA44}.Release|Any CPU.ActiveCfg = Release|Any CPU
		{5D2D1FD6-4EA9-4718-A572-E6C47585BA44}.Release|Any CPU.Build.0 = Release|Any CPU
		{5D2D1FD6-4EA9-4718-A572-E6C47585BA44}.Release|Mixed Platforms.ActiveCfg = Release|Any CPU
		{5D2D1FD6-4EA9-4718-A572-E6C47585BA44}.Release|Mixed Platforms.Build.0 = Release|Any CPU
		{5D2D1FD6-4EA9-4718-A572-E6C47585BA44}.Release|Win32.ActiveCfg = Release|Any CPU
		{5D2D1FD6-4EA9-4718-A572-E6C47585BA44}.Release|x64.ActiveCfg = Release|Any CPU
		{5D2D1FD6-4EA9-4718-A572-E6C47585BA44}.Release|x64.Build.0 = Release|Any CPU
		{5D2D1FD6-4EA9-4718-A572-E6C47585BA44}.SingleImage|Any CPU.ActiveCfg = Release|Any CPU
		{5D2D1FD6-4EA9-4718-A572-E6C47585BA44}.SingleImage|Any CPU.Build.0 = Release|Any CPU
		{5D2D1FD6-4EA9-4718-A572-E6C47585BA44}.SingleImage|Mixed Platforms.ActiveCfg = Release|Any CPU
		{5D2D1FD6-4EA9-4718-A572-E6C47585BA44}.SingleImage|Mixed Platforms.Build.0 = Release|Any CPU
		{5D2D1FD6-4EA9-4718-A572-E6C47585BA44}.SingleImage|Win32.ActiveCfg = Release|Any CPU
		{5D2D1FD6-4EA9-4718-A572-E6C47585BA44}.SingleImage|Win32.Build.0 = Release|Any CPU
		{5D2D1FD6-4EA9-4718-A572-E6C47585BA44}.SingleImage|x64.ActiveCfg = Debug|Any CPU
		{5D2D1FD6-4EA9-4718-A572-E6C47585BA44}.SingleImage|x64.Build.0 = Debug|Any CPU
		{C5739B39-CC2A-4730-9ACA-43B8EFCED6F0}.CD_ROM|Any CPU.ActiveCfg = Release|Any CPU
		{C5739B39-CC2A-4730-9ACA-43B8EFCED6F0}.CD_ROM|Any CPU.Build.0 = Release|Any CPU
		{C5739B39-CC2A-4730-9ACA-43B8EFCED6F0}.CD_ROM|Mixed Platforms.ActiveCfg = Release|Any CPU
		{C5739B39-CC2A-4730-9ACA-43B8EFCED6F0}.CD_ROM|Mixed Platforms.Build.0 = Release|Any CPU
		{C5739B39-CC2A-4730-9ACA-43B8EFCED6F0}.CD_ROM|Win32.ActiveCfg = Release|Any CPU
		{C5739B39-CC2A-4730-9ACA-43B8EFCED6F0}.CD_ROM|Win32.Build.0 = Release|Any CPU
		{C5739B39-CC2A-4730-9ACA-43B8EFCED6F0}.CD_ROM|x64.ActiveCfg = Debug|Any CPU
		{C5739B39-CC2A-4730-9ACA-43B8EFCED6F0}.CD_ROM|x64.Build.0 = Debug|Any CPU
		{C5739B39-CC2A-4730-9ACA-43B8EFCED6F0}.Debug|Any CPU.ActiveCfg = Debug|Any CPU
		{C5739B39-CC2A-4730-9ACA-43B8EFCED6F0}.Debug|Any CPU.Build.0 = Debug|Any CPU
		{C5739B39-CC2A-4730-9ACA-43B8EFCED6F0}.Debug|Mixed Platforms.ActiveCfg = Debug|Any CPU
		{C5739B39-CC2A-4730-9ACA-43B8EFCED6F0}.Debug|Mixed Platforms.Build.0 = Debug|Any CPU
		{C5739B39-CC2A-4730-9ACA-43B8EFCED6F0}.Debug|Win32.ActiveCfg = Debug|Any CPU
		{C5739B39-CC2A-4730-9ACA-43B8EFCED6F0}.Debug|x64.ActiveCfg = Debug|Any CPU
		{C5739B39-CC2A-4730-9ACA-43B8EFCED6F0}.Debug|x64.Build.0 = Debug|Any CPU
		{C5739B39-CC2A-4730-9ACA-43B8EFCED6F0}.DVD-5|Any CPU.ActiveCfg = Debug|Any CPU
		{C5739B39-CC2A-4730-9ACA-43B8EFCED6F0}.DVD-5|Any CPU.Build.0 = Debug|Any CPU
		{C5739B39-CC2A-4730-9ACA-43B8EFCED6F0}.DVD-5|Mixed Platforms.ActiveCfg = Debug|Any CPU
		{C5739B39-CC2A-4730-9ACA-43B8EFCED6F0}.DVD-5|Mixed Platforms.Build.0 = Debug|Any CPU
		{C5739B39-CC2A-4730-9ACA-43B8EFCED6F0}.DVD-5|Win32.ActiveCfg = Debug|Any CPU
		{C5739B39-CC2A-4730-9ACA-43B8EFCED6F0}.DVD-5|Win32.Build.0 = Debug|Any CPU
		{C5739B39-CC2A-4730-9ACA-43B8EFCED6F0}.DVD-5|x64.ActiveCfg = Debug|Any CPU
		{C5739B39-CC2A-4730-9ACA-43B8EFCED6F0}.DVD-5|x64.Build.0 = Debug|Any CPU
		{C5739B39-CC2A-4730-9ACA-43B8EFCED6F0}.Release|Any CPU.ActiveCfg = Release|Any CPU
		{C5739B39-CC2A-4730-9ACA-43B8EFCED6F0}.Release|Any CPU.Build.0 = Release|Any CPU
		{C5739B39-CC2A-4730-9ACA-43B8EFCED6F0}.Release|Mixed Platforms.ActiveCfg = Release|Any CPU
		{C5739B39-CC2A-4730-9ACA-43B8EFCED6F0}.Release|Mixed Platforms.Build.0 = Release|Any CPU
		{C5739B39-CC2A-4730-9ACA-43B8EFCED6F0}.Release|Win32.ActiveCfg = Release|Any CPU
		{C5739B39-CC2A-4730-9ACA-43B8EFCED6F0}.Release|x64.ActiveCfg = Release|Any CPU
		{C5739B39-CC2A-4730-9ACA-43B8EFCED6F0}.Release|x64.Build.0 = Release|Any CPU
		{C5739B39-CC2A-4730-9ACA-43B8EFCED6F0}.SingleImage|Any CPU.ActiveCfg = Release|Any CPU
		{C5739B39-CC2A-4730-9ACA-43B8EFCED6F0}.SingleImage|Any CPU.Build.0 = Release|Any CPU
		{C5739B39-CC2A-4730-9ACA-43B8EFCED6F0}.SingleImage|Mixed Platforms.ActiveCfg = Release|Any CPU
		{C5739B39-CC2A-4730-9ACA-43B8EFCED6F0}.SingleImage|Mixed Platforms.Build.0 = Release|Any CPU
		{C5739B39-CC2A-4730-9ACA-43B8EFCED6F0}.SingleImage|Win32.ActiveCfg = Release|Any CPU
		{C5739B39-CC2A-4730-9ACA-43B8EFCED6F0}.SingleImage|Win32.Build.0 = Release|Any CPU
		{C5739B39-CC2A-4730-9ACA-43B8EFCED6F0}.SingleImage|x64.ActiveCfg = Debug|Any CPU
		{C5739B39-CC2A-4730-9ACA-43B8EFCED6F0}.SingleImage|x64.Build.0 = Debug|Any CPU
		{699E4AEB-69FF-485C-8C7D-4BFC9A1418E6}.CD_ROM|Any CPU.ActiveCfg = Release|Any CPU
		{699E4AEB-69FF-485C-8C7D-4BFC9A1418E6}.CD_ROM|Any CPU.Build.0 = Release|Any CPU
		{699E4AEB-69FF-485C-8C7D-4BFC9A1418E6}.CD_ROM|Mixed Platforms.ActiveCfg = Release|Any CPU
		{699E4AEB-69FF-485C-8C7D-4BFC9A1418E6}.CD_ROM|Mixed Platforms.Build.0 = Release|Any CPU
		{699E4AEB-69FF-485C-8C7D-4BFC9A1418E6}.CD_ROM|Win32.ActiveCfg = Release|Any CPU
		{699E4AEB-69FF-485C-8C7D-4BFC9A1418E6}.CD_ROM|Win32.Build.0 = Release|Any CPU
		{699E4AEB-69FF-485C-8C7D-4BFC9A1418E6}.CD_ROM|x64.ActiveCfg = Release|Any CPU
		{699E4AEB-69FF-485C-8C7D-4BFC9A1418E6}.CD_ROM|x64.Build.0 = Release|Any CPU
		{699E4AEB-69FF-485C-8C7D-4BFC9A1418E6}.Debug|Any CPU.ActiveCfg = Debug|Any CPU
		{699E4AEB-69FF-485C-8C7D-4BFC9A1418E6}.Debug|Any CPU.Build.0 = Debug|Any CPU
		{699E4AEB-69FF-485C-8C7D-4BFC9A1418E6}.Debug|Mixed Platforms.ActiveCfg = Debug|Any CPU
		{699E4AEB-69FF-485C-8C7D-4BFC9A1418E6}.Debug|Mixed Platforms.Build.0 = Debug|Any CPU
		{699E4AEB-69FF-485C-8C7D-4BFC9A1418E6}.Debug|Win32.ActiveCfg = Debug|Any CPU
		{699E4AEB-69FF-485C-8C7D-4BFC9A1418E6}.Debug|Win32.Build.0 = Debug|Any CPU
		{699E4AEB-69FF-485C-8C7D-4BFC9A1418E6}.Debug|x64.ActiveCfg = Debug|Any CPU
		{699E4AEB-69FF-485C-8C7D-4BFC9A1418E6}.Debug|x64.Build.0 = Debug|Any CPU
		{699E4AEB-69FF-485C-8C7D-4BFC9A1418E6}.DVD-5|Any CPU.ActiveCfg = Debug|Any CPU
		{699E4AEB-69FF-485C-8C7D-4BFC9A1418E6}.DVD-5|Any CPU.Build.0 = Debug|Any CPU
		{699E4AEB-69FF-485C-8C7D-4BFC9A1418E6}.DVD-5|Mixed Platforms.ActiveCfg = Debug|Any CPU
		{699E4AEB-69FF-485C-8C7D-4BFC9A1418E6}.DVD-5|Mixed Platforms.Build.0 = Debug|Any CPU
		{699E4AEB-69FF-485C-8C7D-4BFC9A1418E6}.DVD-5|Win32.ActiveCfg = Debug|Any CPU
		{699E4AEB-69FF-485C-8C7D-4BFC9A1418E6}.DVD-5|Win32.Build.0 = Debug|Any CPU
		{699E4AEB-69FF-485C-8C7D-4BFC9A1418E6}.DVD-5|x64.ActiveCfg = Debug|Any CPU
		{699E4AEB-69FF-485C-8C7D-4BFC9A1418E6}.DVD-5|x64.Build.0 = Debug|Any CPU
		{699E4AEB-69FF-485C-8C7D-4BFC9A1418E6}.Release|Any CPU.ActiveCfg = Release|Any CPU
		{699E4AEB-69FF-485C-8C7D-4BFC9A1418E6}.Release|Any CPU.Build.0 = Release|Any CPU
		{699E4AEB-69FF-485C-8C7D-4BFC9A1418E6}.Release|Mixed Platforms.ActiveCfg = Release|Any CPU
		{699E4AEB-69FF-485C-8C7D-4BFC9A1418E6}.Release|Mixed Platforms.Build.0 = Release|Any CPU
		{699E4AEB-69FF-485C-8C7D-4BFC9A1418E6}.Release|Win32.ActiveCfg = Release|Any CPU
		{699E4AEB-69FF-485C-8C7D-4BFC9A1418E6}.Release|Win32.Build.0 = Release|Any CPU
		{699E4AEB-69FF-485C-8C7D-4BFC9A1418E6}.Release|x64.ActiveCfg = Release|Any CPU
		{699E4AEB-69FF-485C-8C7D-4BFC9A1418E6}.Release|x64.Build.0 = Release|Any CPU
		{699E4AEB-69FF-485C-8C7D-4BFC9A1418E6}.SingleImage|Any CPU.ActiveCfg = Release|Any CPU
		{699E4AEB-69FF-485C-8C7D-4BFC9A1418E6}.SingleImage|Any CPU.Build.0 = Release|Any CPU
		{699E4AEB-69FF-485C-8C7D-4BFC9A1418E6}.SingleImage|Mixed Platforms.ActiveCfg = Release|Any CPU
		{699E4AEB-69FF-485C-8C7D-4BFC9A1418E6}.SingleImage|Mixed Platforms.Build.0 = Release|Any CPU
		{699E4AEB-69FF-485C-8C7D-4BFC9A1418E6}.SingleImage|Win32.ActiveCfg = Release|Any CPU
		{699E4AEB-69FF-485C-8C7D-4BFC9A1418E6}.SingleImage|Win32.Build.0 = Release|Any CPU
		{699E4AEB-69FF-485C-8C7D-4BFC9A1418E6}.SingleImage|x64.ActiveCfg = Release|Any CPU
		{699E4AEB-69FF-485C-8C7D-4BFC9A1418E6}.SingleImage|x64.Build.0 = Release|Any CPU
	EndGlobalSection
	GlobalSection(SolutionProperties) = preSolution
		HideSolutionNode = FALSE
	EndGlobalSection
	GlobalSection(ExtensibilityGlobals) = postSolution
		SolutionGuid = {4F6D96EB-60C5-4DBD-8965-3BE83D6E6FD5}
	EndGlobalSection
EndGlobal
