
Microsoft Visual Studio Solution File, Format Version 12.00
# Visual Studio 2013
VisualStudioVersion = 12.0.31101.0
MinimumVisualStudioVersion = 10.0.40219.1
Project("{FAE04EC0-301F-11D3-BF4B-00C04F79EFBC}") = "BPM.Common", "Common\BPM.Common.csproj", "{16183C27-23BE-4335-AE94-F12BB57421FF}"
EndProject
Project("{FAE04EC0-301F-11D3-BF4B-00C04F79EFBC}") = "BPM.Admin", "Common.BPM.Admin\BPM.Admin.csproj", "{0F2B5818-29E0-40B3-81D4-D835C24574D8}"
EndProject
Project("{FAE04EC0-301F-11D3-BF4B-00C04F79EFBC}") = "BPM.Core", "Common.BPM.Core\BPM.Core.csproj", "{A2EE0C6C-76C5-49C5-BCA6-0BC862ECA195}"
EndProject
Project("{FAE04EC0-301F-11D3-BF4B-00C04F79EFBC}") = "BPM.Sanitation", "BPM.Sanitation\BPM.Sanitation.csproj", "{30A2E13C-C984-4D93-AAE3-2916E8DEC635}"
EndProject
Project("{8BC9CEB8-8B4A-11D0-8D11-00A0C91BC942}") = "sprinkler", "sprinkler\sprinkler.vcxproj", "{3BD05E3E-8235-4791-8A73-587AC115068A}"
EndProject
Project("{FAE04EC0-301F-11D3-BF4B-00C04F79EFBC}") = "CardReaderWriter", "CardReaderWriter\CardReaderWriter.csproj", "{5D2D1FD6-4EA9-4718-A572-E6C47585BA44}"
EndProject
Project("{FAE04EC0-301F-11D3-BF4B-00C04F79EFBC}") = "校验码生成器", "校验码生成器\校验码生成器.csproj", "{C5739B39-CC2A-4730-9ACA-43B8EFCED6F0}"
EndProject
Project("{2150E333-8FDC-42A3-9474-1A3956D46DE8}") = "文档", "文档", "{400174EF-0CF7-42A2-A721-4C3C03D50BD7}"
	ProjectSection(SolutionItems) = preProject
		文档\README.txt = 文档\README.txt
		文档\绘图1.vsdx = 文档\绘图1.vsdx
		文档\串口屏幕\设置.docx = 文档\串口屏幕\设置.docx
		文档\通讯协议.docx = 文档\通讯协议.docx
		文档\需求分析.docx = 文档\需求分析.docx
		文档\项目指导书.docx = 文档\项目指导书.docx
	EndProjectSection
EndProject
Project("{8BC9CEB8-8B4A-11D0-8D11-00A0C91BC942}") = "SignBox", "SignBox\SignBox.vcxproj", "{5D8EFD53-0ECC-49B8-A3D3-E99A059BB188}"
EndProject
Global
	GlobalSection(SolutionConfigurationPlatforms) = preSolution
		Debug|Any CPU = Debug|Any CPU
		Debug|Mixed Platforms = Debug|Mixed Platforms
		Debug|Win32 = Debug|Win32
		Release|Any CPU = Release|Any CPU
		Release|Mixed Platforms = Release|Mixed Platforms
		Release|Win32 = Release|Win32
	EndGlobalSection
	GlobalSection(ProjectConfigurationPlatforms) = postSolution
		{16183C27-23BE-4335-AE94-F12BB57421FF}.Debug|Any CPU.ActiveCfg = Debug|Any CPU
		{16183C27-23BE-4335-AE94-F12BB57421FF}.Debug|Any CPU.Build.0 = Debug|Any CPU
		{16183C27-23BE-4335-AE94-F12BB57421FF}.Debug|Mixed Platforms.ActiveCfg = Debug|Any CPU
		{16183C27-23BE-4335-AE94-F12BB57421FF}.Debug|Mixed Platforms.Build.0 = Debug|Any CPU
		{16183C27-23BE-4335-AE94-F12BB57421FF}.Debug|Win32.ActiveCfg = Debug|Any CPU
		{16183C27-23BE-4335-AE94-F12BB57421FF}.Release|Any CPU.ActiveCfg = Release|Any CPU
		{16183C27-23BE-4335-AE94-F12BB57421FF}.Release|Any CPU.Build.0 = Release|Any CPU
		{16183C27-23BE-4335-AE94-F12BB57421FF}.Release|Mixed Platforms.ActiveCfg = Release|Any CPU
		{16183C27-23BE-4335-AE94-F12BB57421FF}.Release|Mixed Platforms.Build.0 = Release|Any CPU
		{16183C27-23BE-4335-AE94-F12BB57421FF}.Release|Win32.ActiveCfg = Release|Any CPU
		{0F2B5818-29E0-40B3-81D4-D835C24574D8}.Debug|Any CPU.ActiveCfg = Debug|Any CPU
		{0F2B5818-29E0-40B3-81D4-D835C24574D8}.Debug|Any CPU.Build.0 = Debug|Any CPU
		{0F2B5818-29E0-40B3-81D4-D835C24574D8}.Debug|Mixed Platforms.ActiveCfg = Debug|Any CPU
		{0F2B5818-29E0-40B3-81D4-D835C24574D8}.Debug|Mixed Platforms.Build.0 = Debug|Any CPU
		{0F2B5818-29E0-40B3-81D4-D835C24574D8}.Debug|Win32.ActiveCfg = Debug|Any CPU
		{0F2B5818-29E0-40B3-81D4-D835C24574D8}.Release|Any CPU.ActiveCfg = Release|Any CPU
		{0F2B5818-29E0-40B3-81D4-D835C24574D8}.Release|Any CPU.Build.0 = Release|Any CPU
		{0F2B5818-29E0-40B3-81D4-D835C24574D8}.Release|Mixed Platforms.ActiveCfg = Release|Any CPU
		{0F2B5818-29E0-40B3-81D4-D835C24574D8}.Release|Mixed Platforms.Build.0 = Release|Any CPU
		{0F2B5818-29E0-40B3-81D4-D835C24574D8}.Release|Win32.ActiveCfg = Release|Any CPU
		{A2EE0C6C-76C5-49C5-BCA6-0BC862ECA195}.Debug|Any CPU.ActiveCfg = Debug|Any CPU
		{A2EE0C6C-76C5-49C5-BCA6-0BC862ECA195}.Debug|Any CPU.Build.0 = Debug|Any CPU
		{A2EE0C6C-76C5-49C5-BCA6-0BC862ECA195}.Debug|Mixed Platforms.ActiveCfg = Debug|Any CPU
		{A2EE0C6C-76C5-49C5-BCA6-0BC862ECA195}.Debug|Mixed Platforms.Build.0 = Debug|Any CPU
		{A2EE0C6C-76C5-49C5-BCA6-0BC862ECA195}.Debug|Win32.ActiveCfg = Debug|Any CPU
		{A2EE0C6C-76C5-49C5-BCA6-0BC862ECA195}.Release|Any CPU.ActiveCfg = Release|Any CPU
		{A2EE0C6C-76C5-49C5-BCA6-0BC862ECA195}.Release|Any CPU.Build.0 = Release|Any CPU
		{A2EE0C6C-76C5-49C5-BCA6-0BC862ECA195}.Release|Mixed Platforms.ActiveCfg = Release|Any CPU
		{A2EE0C6C-76C5-49C5-BCA6-0BC862ECA195}.Release|Mixed Platforms.Build.0 = Release|Any CPU
		{A2EE0C6C-76C5-49C5-BCA6-0BC862ECA195}.Release|Win32.ActiveCfg = Release|Any CPU
		{30A2E13C-C984-4D93-AAE3-2916E8DEC635}.Debug|Any CPU.ActiveCfg = Debug|Any CPU
		{30A2E13C-C984-4D93-AAE3-2916E8DEC635}.Debug|Any CPU.Build.0 = Debug|Any CPU
		{30A2E13C-C984-4D93-AAE3-2916E8DEC635}.Debug|Mixed Platforms.ActiveCfg = Debug|Any CPU
		{30A2E13C-C984-4D93-AAE3-2916E8DEC635}.Debug|Mixed Platforms.Build.0 = Debug|Any CPU
		{30A2E13C-C984-4D93-AAE3-2916E8DEC635}.Debug|Win32.ActiveCfg = Debug|Any CPU
		{30A2E13C-C984-4D93-AAE3-2916E8DEC635}.Release|Any CPU.ActiveCfg = Release|Any CPU
		{30A2E13C-C984-4D93-AAE3-2916E8DEC635}.Release|Any CPU.Build.0 = Release|Any CPU
		{30A2E13C-C984-4D93-AAE3-2916E8DEC635}.Release|Mixed Platforms.ActiveCfg = Release|Any CPU
		{30A2E13C-C984-4D93-AAE3-2916E8DEC635}.Release|Mixed Platforms.Build.0 = Release|Any CPU
		{30A2E13C-C984-4D93-AAE3-2916E8DEC635}.Release|Win32.ActiveCfg = Release|Any CPU
		{3BD05E3E-8235-4791-8A73-587AC115068A}.Debug|Any CPU.ActiveCfg = Debug|Win32
		{3BD05E3E-8235-4791-8A73-587AC115068A}.Debug|Mixed Platforms.ActiveCfg = Debug|Win32
		{3BD05E3E-8235-4791-8A73-587AC115068A}.Debug|Mixed Platforms.Build.0 = Debug|Win32
		{3BD05E3E-8235-4791-8A73-587AC115068A}.Debug|Win32.ActiveCfg = Debug|Win32
		{3BD05E3E-8235-4791-8A73-587AC115068A}.Debug|Win32.Build.0 = Debug|Win32
		{3BD05E3E-8235-4791-8A73-587AC115068A}.Release|Any CPU.ActiveCfg = Release|Win32
		{3BD05E3E-8235-4791-8A73-587AC115068A}.Release|Mixed Platforms.ActiveCfg = Release|Win32
		{3BD05E3E-8235-4791-8A73-587AC115068A}.Release|Mixed Platforms.Build.0 = Release|Win32
		{3BD05E3E-8235-4791-8A73-587AC115068A}.Release|Win32.ActiveCfg = Release|Win32
		{3BD05E3E-8235-4791-8A73-587AC115068A}.Release|Win32.Build.0 = Release|Win32
		{5D2D1FD6-4EA9-4718-A572-E6C47585BA44}.Debug|Any CPU.ActiveCfg = Debug|Any CPU
		{5D2D1FD6-4EA9-4718-A572-E6C47585BA44}.Debug|Any CPU.Build.0 = Debug|Any CPU
		{5D2D1FD6-4EA9-4718-A572-E6C47585BA44}.Debug|Mixed Platforms.ActiveCfg = Debug|Any CPU
		{5D2D1FD6-4EA9-4718-A572-E6C47585BA44}.Debug|Mixed Platforms.Build.0 = Debug|Any CPU
		{5D2D1FD6-4EA9-4718-A572-E6C47585BA44}.Debug|Win32.ActiveCfg = Debug|Any CPU
		{5D2D1FD6-4EA9-4718-A572-E6C47585BA44}.Release|Any CPU.ActiveCfg = Release|Any CPU
		{5D2D1FD6-4EA9-4718-A572-E6C47585BA44}.Release|Any CPU.Build.0 = Release|Any CPU
		{5D2D1FD6-4EA9-4718-A572-E6C47585BA44}.Release|Mixed Platforms.ActiveCfg = Release|Any CPU
		{5D2D1FD6-4EA9-4718-A572-E6C47585BA44}.Release|Mixed Platforms.Build.0 = Release|Any CPU
		{5D2D1FD6-4EA9-4718-A572-E6C47585BA44}.Release|Win32.ActiveCfg = Release|Any CPU
		{C5739B39-CC2A-4730-9ACA-43B8EFCED6F0}.Debug|Any CPU.ActiveCfg = Debug|Any CPU
		{C5739B39-CC2A-4730-9ACA-43B8EFCED6F0}.Debug|Any CPU.Build.0 = Debug|Any CPU
		{C5739B39-CC2A-4730-9ACA-43B8EFCED6F0}.Debug|Mixed Platforms.ActiveCfg = Debug|Any CPU
		{C5739B39-CC2A-4730-9ACA-43B8EFCED6F0}.Debug|Mixed Platforms.Build.0 = Debug|Any CPU
		{C5739B39-CC2A-4730-9ACA-43B8EFCED6F0}.Debug|Win32.ActiveCfg = Debug|Any CPU
		{C5739B39-CC2A-4730-9ACA-43B8EFCED6F0}.Release|Any CPU.ActiveCfg = Release|Any CPU
		{C5739B39-CC2A-4730-9ACA-43B8EFCED6F0}.Release|Any CPU.Build.0 = Release|Any CPU
		{C5739B39-CC2A-4730-9ACA-43B8EFCED6F0}.Release|Mixed Platforms.ActiveCfg = Release|Any CPU
		{C5739B39-CC2A-4730-9ACA-43B8EFCED6F0}.Release|Mixed Platforms.Build.0 = Release|Any CPU
		{C5739B39-CC2A-4730-9ACA-43B8EFCED6F0}.Release|Win32.ActiveCfg = Release|Any CPU
		{5D8EFD53-0ECC-49B8-A3D3-E99A059BB188}.Debug|Any CPU.ActiveCfg = Debug|Win32
		{5D8EFD53-0ECC-49B8-A3D3-E99A059BB188}.Debug|Mixed Platforms.ActiveCfg = Debug|Win32
		{5D8EFD53-0ECC-49B8-A3D3-E99A059BB188}.Debug|Mixed Platforms.Build.0 = Debug|Win32
		{5D8EFD53-0ECC-49B8-A3D3-E99A059BB188}.Debug|Win32.ActiveCfg = Debug|Win32
		{5D8EFD53-0ECC-49B8-A3D3-E99A059BB188}.Debug|Win32.Build.0 = Debug|Win32
		{5D8EFD53-0ECC-49B8-A3D3-E99A059BB188}.Release|Any CPU.ActiveCfg = Release|Win32
		{5D8EFD53-0ECC-49B8-A3D3-E99A059BB188}.Release|Mixed Platforms.ActiveCfg = Release|Win32
		{5D8EFD53-0ECC-49B8-A3D3-E99A059BB188}.Release|Mixed Platforms.Build.0 = Release|Win32
		{5D8EFD53-0ECC-49B8-A3D3-E99A059BB188}.Release|Win32.ActiveCfg = Release|Win32
		{5D8EFD53-0ECC-49B8-A3D3-E99A059BB188}.Release|Win32.Build.0 = Release|Win32
	EndGlobalSection
	GlobalSection(SolutionProperties) = preSolution
		HideSolutionNode = FALSE
	EndGlobalSection
EndGlobal
